{
  "name": "flask-session-cookie-decoder",
  "version": "1.0.0",
  "lockfileVersion": 3,
  "requires": true,
  "packages": {
    "": {
      "name": "flask-session-cookie-decoder",
      "version": "1.0.0",
      "license": "MIT",
      "dependencies": {
        "zlibt2": "^0.6.1"
      }
    },
    "node_modules/zlibt2": {
      "version": "0.6.1",
      "resolved": "https://registry.npmjs.org/zlibt2/-/zlibt2-0.6.1.tgz",
      "integrity": "sha512-Co0bVG6Bp5Ut7AxrUjM+Q3GMnIXsaWKl/tELbhNohQM8MB9d9ixVXW1Aqbv4o464HCpDsSD//itCnaI6qF8ssg=="
    }
  }
}
